// !$*UTF8*$!
{
	archiveVersion = 1;
	classes = {
	};
	objectVersion = 50;
	objects = {

/* Begin PBXBuildFile section */
		067AD4F9221D8471009A0B25 /* AppDelegate.swift in Sources */ = {isa = PBXBuildFile; fileRef = 067AD4F8221D8471009A0B25 /* AppDelegate.swift */; };
		067AD4FB221D8471009A0B25 /* GetTweetViewController.swift in Sources */ = {isa = PBXBuildFile; fileRef = 067AD4FA221D8471009A0B25 /* GetTweetViewController.swift */; };
		067AD4FE221D8471009A0B25 /* Main.storyboard in Resources */ = {isa = PBXBuildFile; fileRef = 067AD4FC221D8471009A0B25 /* Main.storyboard */; };
		067AD500221D8472009A0B25 /* Assets.xcassets in Resources */ = {isa = PBXBuildFile; fileRef = 067AD4FF221D8472009A0B25 /* Assets.xcassets */; };
		067AD503221D8472009A0B25 /* LaunchScreen.storyboard in Resources */ = {isa = PBXBuildFile; fileRef = 067AD501221D8472009A0B25 /* LaunchScreen.storyboard */; };
		06A9DA962227F09A005F1720 /* PostUserViewController.swift in Sources */ = {isa = PBXBuildFile; fileRef = 06A9DA952227F09A005F1720 /* PostUserViewController.swift */; };
		B743A1DCDD680B968909F426 /* Pods_TestAppAssignment2.framework in Frameworks */ = {isa = PBXBuildFile; fileRef = 8AFE22DE52BA97A00C6A7C09 /* Pods_TestAppAssignment2.framework */; };
/* End PBXBuildFile section */

/* Begin PBXFileReference section */
		067AD4F5221D8471009A0B25 /* TestAppAssignment2.app */ = {isa = PBXFileReference; explicitFileType = wrapper.application; includeInIndex = 0; path = TestAppAssignment2.app; sourceTree = BUILT_PRODUCTS_DIR; };
		067AD4F8221D8471009A0B25 /* AppDelegate.swift */ = {isa = PBXFileReference; lastKnownFileType = sourcecode.swift; path = AppDelegate.swift; sourceTree = "<group>"; };
		067AD4FA221D8471009A0B25 /* GetTweetViewController.swift */ = {isa = PBXFileReference; lastKnownFileType = sourcecode.swift; path = GetTweetViewController.swift; sourceTree = "<group>"; };
		067AD4FD221D8471009A0B25 /* Base */ = {isa = PBXFileReference; lastKnownFileType = file.storyboard; name = Base; path = Base.lproj/Main.storyboard; sourceTree = "<group>"; };
		067AD4FF221D8472009A0B25 /* Assets.xcassets */ = {isa = PBXFileReference; lastKnownFileType = folder.assetcatalog; path = Assets.xcassets; sourceTree = "<group>"; };
		067AD502221D8472009A0B25 /* Base */ = {isa = PBXFileReference; lastKnownFileType = file.storyboard; name = Base; path = Base.lproj/LaunchScreen.storyboard; sourceTree = "<group>"; };
		067AD504221D8472009A0B25 /* Info.plist */ = {isa = PBXFileReference; lastKnownFileType = text.plist.xml; path = Info.plist; sourceTree = "<group>"; };
		06A9DA952227F09A005F1720 /* PostUserViewController.swift */ = {isa = PBXFileReference; fileEncoding = 4; lastKnownFileType = sourcecode.swift; path = PostUserViewController.swift; sourceTree = "<group>"; };
		30F454252D699C8A69312359 /* Pods-TestAppAssignment2.debug.xcconfig */ = {isa = PBXFileReference; includeInIndex = 1; lastKnownFileType = text.xcconfig; name = "Pods-TestAppAssignment2.debug.xcconfig"; path = "Target Support Files/Pods-TestAppAssignment2/Pods-TestAppAssignment2.debug.xcconfig"; sourceTree = "<group>"; };
		8AFE22DE52BA97A00C6A7C09 /* Pods_TestAppAssignment2.framework */ = {isa = PBXFileReference; explicitFileType = wrapper.framework; includeInIndex = 0; path = Pods_TestAppAssignment2.framework; sourceTree = BUILT_PRODUCTS_DIR; };
		CA4F86FD14AC956103028990 /* Pods-TestAppAssignment2.release.xcconfig */ = {isa = PBXFileReference; includeInIndex = 1; lastKnownFileType = text.xcconfig; name = "Pods-TestAppAssignment2.release.xcconfig"; path = "Target Support Files/Pods-TestAppAssignment2/Pods-TestAppAssignment2.release.xcconfig"; sourceTree = "<group>"; };
/* End PBXFileReference section */

/* Begin PBXFrameworksBuildPhase section */
		067AD4F2221D8471009A0B25 /* Frameworks */ = {
			isa = PBXFrameworksBuildPhase;
			buildActionMask = 2147483647;
			files = (
				B743A1DCDD680B968909F426 /* Pods_TestAppAssignment2.framework in Frameworks */,
			);
			runOnlyForDeploymentPostprocessing = 0;
		};
/* End PBXFrameworksBuildPhase section */

/* Begin PBXGroup section */
		067AD4EC221D8471009A0B25 = {
			isa = PBXGroup;
			children = (
				067AD4F7221D8471009A0B25 /* TestAppAssignment2 */,
				067AD4F6221D8471009A0B25 /* Products */,
				D1CED16EC9101C2DEADDA35C /* Pods */,
				0FF75D50D359CD22C0DD7493 /* Frameworks */,
			);
			sourceTree = "<group>";
		};
		067AD4F6221D8471009A0B25 /* Products */ = {
			isa = PBXGroup;
			children = (
				067AD4F5221D8471009A0B25 /* TestAppAssignment2.app */,
			);
			name = Products;
			sourceTree = "<group>";
		};
		067AD4F7221D8471009A0B25 /* TestAppAssignment2 */ = {
			isa = PBXGroup;
			children = (
				067AD4F8221D8471009A0B25 /* AppDelegate.swift */,
				067AD4FA221D8471009A0B25 /* GetTweetViewController.swift */,
				067AD4FC221D8471009A0B25 /* Main.storyboard */,
				06A9DA952227F09A005F1720 /* PostUserViewController.swift */,
				067AD4FF221D8472009A0B25 /* Assets.xcassets */,
				067AD501221D8472009A0B25 /* LaunchScreen.storyboard */,
				067AD504221D8472009A0B25 /* Info.plist */,
			);
			path = TestAppAssignment2;
			sourceTree = "<group>";
		};
		0FF75D50D359CD22C0DD7493 /* Frameworks */ = {
			isa = PBXGroup;
			children = (
				8AFE22DE52BA97A00C6A7C09 /* Pods_TestAppAssignment2.framework */,
			);
			name = Frameworks;
			sourceTree = "<group>";
		};
		D1CED16EC9101C2DEADDA35C /* Pods */ = {
			isa = PBXGroup;
			children = (
				30F454252D699C8A69312359 /* Pods-TestAppAssignment2.debug.xcconfig */,
				CA4F86FD14AC956103028990 /* Pods-TestAppAssignment2.release.xcconfig */,
			);
			path = Pods;
			sourceTree = "<group>";
		};
/* End PBXGroup section */

/* Begin PBXNativeTarget section */
		067AD4F4221D8471009A0B25 /* TestAppAssignment2 */ = {
			isa = PBXNativeTarget;
			buildConfigurationList = 067AD507221D8472009A0B25 /* Build configuration list for PBXNativeTarget "TestAppAssignment2" */;
			buildPhases = (
				88C11282A6CE75AFFE84DAED /* [CP] Check Pods Manifest.lock */,
				067AD4F1221D8471009A0B25 /* Sources */,
				06659AF2221E824F0076FC8D /* ShellScript */,
				067AD4F2221D8471009A0B25 /* Frameworks */,
				067AD4F3221D8471009A0B25 /* Resources */,
				6B5E561096DE85824CF13E1A /* [CP] Embed Pods Frameworks */,
			);
			buildRules = (
			);
			dependencies = (
			);
			name = TestAppAssignment2;
			productName = TestAppAssignment2;
			productReference = 067AD4F5221D8471009A0B25 /* TestAppAssignment2.app */;
			productType = "com.apple.product-type.application";
		};
/* End PBXNativeTarget section */

/* Begin PBXProject section */
		067AD4ED221D8471009A0B25 /* Project object */ = {
			isa = PBXProject;
			attributes = {
				LastSwiftUpdateCheck = 1010;
				LastUpgradeCheck = 1010;
				ORGANIZATIONNAME = "Mitchell Holmes";
				TargetAttributes = {
					067AD4F4221D8471009A0B25 = {
						CreatedOnToolsVersion = 10.1;
					};
				};
			};
			buildConfigurationList = 067AD4F0221D8471009A0B25 /* Build configuration list for PBXProject "TestAppAssignment2" */;
			compatibilityVersion = "Xcode 9.3";
			developmentRegion = en;
			hasScannedForEncodings = 0;
			knownRegions = (
				en,
				Base,
			);
			mainGroup = 067AD4EC221D8471009A0B25;
			productRefGroup = 067AD4F6221D8471009A0B25 /* Products */;
			projectDirPath = "";
			projectRoot = "";
			targets = (
				067AD4F4221D8471009A0B25 /* TestAppAssignment2 */,
			);
		};
/* End PBXProject section */

/* Begin PBXResourcesBuildPhase section */
		067AD4F3221D8471009A0B25 /* Resources */ = {
			isa = PBXResourcesBuildPhase;
			buildActionMask = 2147483647;
			files = (
				067AD503221D8472009A0B25 /* LaunchScreen.storyboard in Resources */,
				067AD500221D8472009A0B25 /* Assets.xcassets in Resources */,
				067AD4FE221D8471009A0B25 /* Main.storyboard in Resources */,
			);
			runOnlyForDeploymentPostprocessing = 0;
		};
/* End PBXResourcesBuildPhase section */

/* Begin PBXShellScriptBuildPhase section */
		06659AF2221E824F0076FC8D /* ShellScript */ = {
			isa = PBXShellScriptBuildPhase;
			buildActionMask = 12;
			files = (
			);
			inputFileListPaths = (
			);
			inputPaths = (
			);
			outputFileListPaths = (
			);
			outputPaths = (
			);
			runOnlyForDeploymentPostprocessing = 0;
			shellPath = /bin/sh;
			shellScript = "\"${PODS_ROOT}/SwiftLint/swiftlint\"\n";
		};
		6B5E561096DE85824CF13E1A /* [CP] Embed Pods Frameworks */ = {
			isa = PBXShellScriptBuildPhase;
			buildActionMask = 2147483647;
			files = (
			);
			inputFileListPaths = (
			);
			inputPaths = (
				"${PODS_ROOT}/Target Support Files/Pods-TestAppAssignment2/Pods-TestAppAssignment2-frameworks.sh",
				"${BUILT_PRODUCTS_DIR}/AFNetworking/AFNetworking.framework",
				"${BUILT_PRODUCTS_DIR}/MitchHolmesSynchronousPosterGetter/MitchHolmesSynchronousPosterGetter.framework",
				"${BUILT_PRODUCTS_DIR}/Result/Result.framework",
				"${BUILT_PRODUCTS_DIR}/SBJson/SBJson.framework",
			);
			name = "[CP] Embed Pods Frameworks";
			outputFileListPaths = (
			);
			outputPaths = (
				"${TARGET_BUILD_DIR}/${FRAMEWORKS_FOLDER_PATH}/AFNetworking.framework",
				"${TARGET_BUILD_DIR}/${FRAMEWORKS_FOLDER_PATH}/MitchHolmesSynchronousPosterGetter.framework",
				"${TARGET_BUILD_DIR}/${FRAMEWORKS_FOLDER_PATH}/Result.framework",
				"${TARGET_BUILD_DIR}/${FRAMEWORKS_FOLDER_PATH}/SBJson.framework",
			);
			runOnlyForDeploymentPostprocessing = 0;
			shellPath = /bin/sh;
			shellScript = "\"${PODS_ROOT}/Target Support Files/Pods-TestAppAssignment2/Pods-TestAppAssignment2-frameworks.sh\"\n";
			showEnvVarsInLog = 0;
		};
		88C11282A6CE75AFFE84DAED /* [CP] Check Pods Manifest.lock */ = {
			isa = PBXShellScriptBuildPhase;
			buildActionMask = 2147483647;
			files = (
			);
			inputFileListPaths = (
			);
			inputPaths = (
				"${PODS_PODFILE_DIR_PATH}/Podfile.lock",
				"${PODS_ROOT}/Manifest.lock",
			);
			name = "[CP] Check Pods Manifest.lock";
			outputFileListPaths = (
			);
			outputPaths = (
				"$(DERIVED_FILE_DIR)/Pods-TestAppAssignment2-checkManifestLockResult.txt",
			);
			runOnlyForDeploymentPostprocessing = 0;
			shellPath = /bin/sh;
			shellScript = "diff \"${PODS_PODFILE_DIR_PATH}/Podfile.lock\" \"${PODS_ROOT}/Manifest.lock\" > /dev/null\nif [ $? != 0 ] ; then\n    # print error to STDERR\n    echo \"error: The sandbox is not in sync with the Podfile.lock. Run 'pod install' or update your CocoaPods installation.\" >&2\n    exit 1\nfi\n# This output is used by Xcode 'outputs' to avoid re-running this script phase.\necho \"SUCCESS\" > \"${SCRIPT_OUTPUT_FILE_0}\"\n";
			showEnvVarsInLog = 0;
		};
/* End PBXShellScriptBuildPhase section */

/* Begin PBXSourcesBuildPhase section */
		067AD4F1221D8471009A0B25 /* Sources */ = {
			isa = PBXSourcesBuildPhase;
			buildActionMask = 2147483647;
			files = (
				06A9DA962227F09A005F1720 /* PostUserViewController.swift in Sources */,
				067AD4FB221D8471009A0B25 /* GetTweetViewController.swift in Sources */,
				067AD4F9221D8471009A0B25 /* AppDelegate.swift in Sources */,
			);
			runOnlyForDeploymentPostprocessing = 0;
		};
/* End PBXSourcesBuildPhase section */

/* Begin PBXVariantGroup section */
		067AD4FC221D8471009A0B25 /* Main.storyboard */ = {
			isa = PBXVariantGroup;
			children = (
				067AD4FD221D8471009A0B25 /* Base */,
			);
			name = Main.storyboard;
			sourceTree = "<group>";
		};
		067AD501221D8472009A0B25 /* LaunchScreen.storyboard */ = {
			isa = PBXVariantGroup;
			children = (
				067AD502221D8472009A0B25 /* Base */,
			);
			name = LaunchScreen.storyboard;
			sourceTree = "<group>";
		};
/* End PBXVariantGroup section */

/* Begin XCBuildConfiguration section */
		067AD505221D8472009A0B25 /* Debug */ = {
			isa = XCBuildConfiguration;
			buildSettings = {
				ALWAYS_SEARCH_USER_PATHS = NO;
				CLANG_ANALYZER_NONNULL = YES;
				CLANG_ANALYZER_NUMBER_OBJECT_CONVERSION = YES_AGGRESSIVE;
				CLANG_CXX_LANGUAGE_STANDARD = "gnu++14";
				CLANG_CXX_LIBRARY = "libc++";
				CLANG_ENABLE_MODULES = YES;
				CLANG_ENABLE_OBJC_ARC = YES;
				CLANG_ENABLE_OBJC_WEAK = YES;
				CLANG_WARN_BLOCK_CAPTURE_AUTORELEASING = YES;
				CLANG_WARN_BOOL_CONVERSION = YES;
				CLANG_WARN_COMMA = YES;
				CLANG_WARN_CONSTANT_CONVERSION = YES;
				CLANG_WARN_DEPRECATED_OBJC_IMPLEMENTATIONS = YES;
				CLANG_WARN_DIRECT_OBJC_ISA_USAGE = YES_ERROR;
				CLANG_WARN_DOCUMENTATION_COMMENTS = YES;
				CLANG_WARN_EMPTY_BODY = YES;
				CLANG_WARN_ENUM_CONVERSION = YES;
				CLANG_WARN_INFINITE_RECURSION = YES;
				CLANG_WARN_INT_CONVERSION = YES;
				CLANG_WARN_NON_LITERAL_NULL_CONVERSION = YES;
				CLANG_WARN_OBJC_IMPLICIT_RETAIN_SELF = YES;
				CLANG_WARN_OBJC_LITERAL_CONVERSION = YES;
				CLANG_WARN_OBJC_ROOT_CLASS = YES_ERROR;
				CLANG_WARN_RANGE_LOOP_ANALYSIS = YES;
				CLANG_WARN_STRICT_PROTOTYPES = YES;
				CLANG_WARN_SUSPICIOUS_MOVE = YES;
				CLANG_WARN_UNGUARDED_AVAILABILITY = YES_AGGRESSIVE;
				CLANG_WARN_UNREACHABLE_CODE = YES;
				CLANG_WARN__DUPLICATE_METHOD_MATCH = YES;
				CODE_SIGN_IDENTITY = "iPhone Developer";
				COPY_PHASE_STRIP = NO;
				DEBUG_INFORMATION_FORMAT = dwarf;
				ENABLE_STRICT_OBJC_MSGSEND = YES;
				ENABLE_TESTABILITY = YES;
				GCC_C_LANGUAGE_STANDARD = gnu11;
				GCC_DYNAMIC_NO_PIC = NO;
				GCC_NO_COMMON_BLOCKS = YES;
				GCC_OPTIMIZATION_LEVEL = 0;
				GCC_PREPROCESSOR_DEFINITIONS = (
					"DEBUG=1",
					"$(inherited)",
				);
				GCC_WARN_64_TO_32_BIT_CONVERSION = YES;
				GCC_WARN_ABOUT_RETURN_TYPE = YES_ERROR;
				GCC_WARN_UNDECLARED_SELECTOR = YES;
				GCC_WARN_UNINITIALIZED_AUTOS = YES_AGGRESSIVE;
				GCC_WARN_UNUSED_FUNCTION = YES;
				GCC_WARN_UNUSED_VARIABLE = YES;
				IPHONEOS_DEPLOYMENT_TARGET = 12.1;
				MTL_ENABLE_DEBUG_INFO = INCLUDE_SOURCE;
				MTL_FAST_MATH = YES;
				ONLY_ACTIVE_ARCH = YES;
				SDKROOT = iphoneos;
				SWIFT_ACTIVE_COMPILATION_CONDITIONS = DEBUG;
				SWIFT_OPTIMIZATION_LEVEL = "-Onone";
			};
			name = Debug;
		};
		067AD506221D8472009A0B25 /* Release */ = {
			isa = XCBuildConfiguration;
			buildSettings = {
				ALWAYS_SEARCH_USER_PATHS = NO;
				CLANG_ANALYZER_NONNULL = YES;
				CLANG_ANALYZER_NUMBER_OBJECT_CONVERSION = YES_AGGRESSIVE;
				CLANG_CXX_LANGUAGE_STANDARD = "gnu++14";
				CLANG_CXX_LIBRARY = "libc++";
				CLANG_ENABLE_MODULES = YES;
				CLANG_ENABLE_OBJC_ARC = YES;
				CLANG_ENABLE_OBJC_WEAK = YES;
				CLANG_WARN_BLOCK_CAPTURE_AUTORELEASING = YES;
				CLANG_WARN_BOOL_CONVERSION = YES;
				CLANG_WARN_COMMA = YES;
				CLANG_WARN_CONSTANT_CONVERSION = YES;
				CLANG_WARN_DEPRECATED_OBJC_IMPLEMENTATIONS = YES;
				CLANG_WARN_DIRECT_OBJC_ISA_USAGE = YES_ERROR;
				CLANG_WARN_DOCUMENTATION_COMMENTS = YES;
				CLANG_WARN_EMPTY_BODY = YES;
				CLANG_WARN_ENUM_CONVERSION = YES;
				CLANG_WARN_INFINITE_RECURSION = YES;
				CLANG_WARN_INT_CONVERSION = YES;
				CLANG_WARN_NON_LITERAL_NULL_CONVERSION = YES;
				CLANG_WARN_OBJC_IMPLICIT_RETAIN_SELF = YES;
				CLANG_WARN_OBJC_LITERAL_CONVERSION = YES;
				CLANG_WARN_OBJC_ROOT_CLASS = YES_ERROR;
				CLANG_WARN_RANGE_LOOP_ANALYSIS = YES;
				CLANG_WARN_STRICT_PROTOTYPES = YES;
				CLANG_WARN_SUSPICIOUS_MOVE = YES;
				CLANG_WARN_UNGUARDED_AVAILABILITY = YES_AGGRESSIVE;
				CLANG_WARN_UNREACHABLE_CODE = YES;
				CLANG_WARN__DUPLICATE_METHOD_MATCH = YES;
				CODE_SIGN_IDENTITY = "iPhone Developer";
				COPY_PHASE_STRIP = NO;
				DEBUG_INFORMATION_FORMAT = "dwarf-with-dsym";
				ENABLE_NS_ASSERTIONS = NO;
				ENABLE_STRICT_OBJC_MSGSEND = YES;
				GCC_C_LANGUAGE_STANDARD = gnu11;
				GCC_NO_COMMON_BLOCKS = YES;
				GCC_WARN_64_TO_32_BIT_CONVERSION = YES;
				GCC_WARN_ABOUT_RETURN_TYPE = YES_ERROR;
				GCC_WARN_UNDECLARED_SELECTOR = YES;
				GCC_WARN_UNINITIALIZED_AUTOS = YES_AGGRESSIVE;
				GCC_WARN_UNUSED_FUNCTION = YES;
				GCC_WARN_UNUSED_VARIABLE = YES;
				IPHONEOS_DEPLOYMENT_TARGET = 12.1;
				MTL_ENABLE_DEBUG_INFO = NO;
				MTL_FAST_MATH = YES;
				SDKROOT = iphoneos;
				SWIFT_COMPILATION_MODE = wholemodule;
				SWIFT_OPTIMIZATION_LEVEL = "-O";
				VALIDATE_PRODUCT = YES;
			};
			name = Release;
		};
		067AD508221D8472009A0B25 /* Debug */ = {
			isa = XCBuildConfiguration;
			baseConfigurationReference = 30F454252D699C8A69312359 /* Pods-TestAppAssignment2.debug.xcconfig */;
			buildSettings = {
				ASSETCATALOG_COMPILER_APPICON_NAME = AppIcon;
				CODE_SIGN_STYLE = Automatic;
				INFOPLIST_FILE = TestAppAssignment2/Info.plist;
				LD_RUNPATH_SEARCH_PATHS = (
					"$(inherited)",
					"@executable_path/Frameworks",
				);
				PRODUCT_BUNDLE_IDENTIFIER = com.mitchellholmes.TestAppAssignment2;
				PRODUCT_NAME = "$(TARGET_NAME)";
				SWIFT_VERSION = 4.2;
				TARGETED_DEVICE_FAMILY = "1,2";
			};
			name = Debug;
		};
		067AD509221D8472009A0B25 /* Release */ = {
			isa = XCBuildConfiguration;
			baseConfigurationReference = CA4F86FD14AC956103028990 /* Pods-TestAppAssignment2.release.xcconfig */;
			buildSettings = {
				ASSETCATALOG_COMPILER_APPICON_NAME = AppIcon;
				CODE_SIGN_STYLE = Automatic;
				INFOPLIST_FILE = TestAppAssignment2/Info.plist;
				LD_RUNPATH_SEARCH_PATHS = (
					"$(inherited)",
					"@executable_path/Frameworks",
				);
				PRODUCT_BUNDLE_IDENTIFIER = com.mitchellholmes.TestAppAssignment2;
				PRODUCT_NAME = "$(TARGET_NAME)";
				SWIFT_VERSION = 4.2;
				TARGETED_DEVICE_FAMILY = "1,2";
			};
			name = Release;
		};
/* End XCBuildConfiguration section */

/* Begin XCConfigurationList section */
		067AD4F0221D8471009A0B25 /* Build configuration list for PBXProject "TestAppAssignment2" */ = {
			isa = XCConfigurationList;
			buildConfigurations = (
				067AD505221D8472009A0B25 /* Debug */,
				067AD506221D8472009A0B25 /* Release */,
			);
			defaultConfigurationIsVisible = 0;
			defaultConfigurationName = Release;
		};
		067AD507221D8472009A0B25 /* Build configuration list for PBXNativeTarget "TestAppAssignment2" */ = {
			isa = XCConfigurationList;
			buildConfigurations = (
				067AD508221D8472009A0B25 /* Debug */,
				067AD509221D8472009A0B25 /* Release */,
			);
			defaultConfigurationIsVisible = 0;
			defaultConfigurationName = Release;
		};
/* End XCConfigurationList section */
	};
	rootObject = 067AD4ED221D8471009A0B25 /* Project object */;
}
